lockfileVersion: 5.3

specifiers:
  '@types/fs-extra': ^9.0.9
  '@types/node': ^14.14.6
  '@types/yargs': ^17.0.2
  esbuild: ^0.12.15
  fs-extra: ^10.0.0
  source-map-support: ^0.5.19
  tslib: ^2.3.0
  typescript: ^4.3.5
  yargs: ^17.0.1

dependencies:
  '@types/node': 14.17.5
  esbuild: 0.12.15
  fs-extra: 10.0.0
  source-map-support: 0.5.19
  tslib: 2.3.0
  typescript: 4.3.5
  yargs: 17.0.1

devDependencies:
  '@types/fs-extra': 9.0.12
  '@types/yargs': 17.0.2

packages:

  /@types/fs-extra/9.0.12:
    resolution: {integrity: sha512-I+bsBr67CurCGnSenZZ7v94gd3tc3+Aj2taxMT4yu4ABLuOgOjeFxX3dokG24ztSRg5tnT00sL8BszO7gSMoIw==}
    dependencies:
      '@types/node': 14.17.5
    dev: true

  /@types/node/14.17.5:
    resolution: {integrity: sha512-bjqH2cX/O33jXT/UmReo2pM7DIJREPMnarixbQ57DOOzzFaI6D2+IcwaJQaJpv0M1E9TIhPCYVxrkcityLjlqA==}

  /@types/yargs-parser/20.2.1:
    resolution: {integrity: sha512-7tFImggNeNBVMsn0vLrpn1H1uPrUBdnARPTpZoitY37ZrdJREzf7I16tMrlK3hen349gr1NYh8CmZQa7CTG6Aw==}
    dev: true

  /@types/yargs/17.0.2:
    resolution: {integrity: sha512-JhZ+pNdKMfB0rXauaDlrIvm+U7V4m03PPOSVoPS66z8gf+G4Z/UW8UlrVIj2MRQOBzuoEvYtjS0bqYwnpZaS9Q==}
    dependencies:
      '@types/yargs-parser': 20.2.1
    dev: true

  /ansi-regex/5.0.0:
    resolution: {integrity: sha512-bY6fj56OUQ0hU1KjFNDQuJFezqKdrAyFdIevADiqrWHwSlbmBNMHp5ak2f40Pm8JTFyM2mqxkG6ngkHO11f/lg==}
    engines: {node: '>=8'}
    dev: false

  /ansi-styles/4.3.0:
    resolution: {integrity: sha512-zbB9rCJAT1rbjiVDb2hqKFHNYLxgtk8NURxZ3IZwD3F6NtxbXZQCnnSi1Lkx+IDohdPlFp222wVALIheZJQSEg==}
    engines: {node: '>=8'}
    dependencies:
      color-convert: 2.0.1
    dev: false

  /buffer-from/1.1.1:
    resolution: {integrity: sha512-MQcXEUbCKtEo7bhqEs6560Hyd4XaovZlO/k9V3hjVUF/zwW7KBVdSK4gIt/bzwS9MbR5qob+F5jusZsb0YQK2A==}
    dev: false

  /cliui/7.0.4:
    resolution: {integrity: sha512-OcRE68cOsVMXp1Yvonl/fzkQOyjLSu/8bhPDfQt0e0/Eb283TKP20Fs2MqoPsr9SwA595rRCA+QMzYc9nBP+JQ==}
    dependencies:
      string-width: 4.2.2
      strip-ansi: 6.0.0
      wrap-ansi: 7.0.0
    dev: false

  /color-convert/2.0.1:
    resolution: {integrity: sha512-RRECPsj7iu/xb5oKYcsFHSppFNnsj/52OVTRKb4zP5onXwVF3zVmmToNcOfGC+CRDpfK/U584fMg38ZHCaElKQ==}
    engines: {node: '>=7.0.0'}
    dependencies:
      color-name: 1.1.4
    dev: false

  /color-name/1.1.4:
    resolution: {integrity: sha512-dOy+3AuW3a2wNbZHIuMZpTcgjGuLU/uBL/ubcZF9OXbDo8ff4O8yVp5Bf0efS8uEoYo5q4Fx7dY9OgQGXgAsQA==}
    dev: false

  /emoji-regex/8.0.0:
    resolution: {integrity: sha512-MSjYzcWNOA0ewAHpz0MxpYFvwg6yjy1NG3xteoqz644VCo/RPgnr1/GGt+ic3iJTzQ8Eu3TdM14SawnVUmGE6A==}
    dev: false

  /esbuild/0.12.15:
    resolution: {integrity: sha512-72V4JNd2+48eOVCXx49xoSWHgC3/cCy96e7mbXKY+WOWghN00cCmlGnwVLRhRHorvv0dgCyuMYBZlM2xDM5OQw==}
    hasBin: true
    requiresBuild: true
    dev: false

  /escalade/3.1.1:
    resolution: {integrity: sha512-k0er2gUkLf8O0zKJiAhmkTnJlTvINGv7ygDNPbeIsX/TJjGJZHuh9B2UxbsaEkmlEo9MfhrSzmhIlhRlI2GXnw==}
    engines: {node: '>=6'}
    dev: false

  /fs-extra/10.0.0:
    resolution: {integrity: sha512-C5owb14u9eJwizKGdchcDUQeFtlSHHthBk8pbX9Vc1PFZrLombudjDnNns88aYslCyF6IY5SUw3Roz6xShcEIQ==}
    engines: {node: '>=12'}
    dependencies:
      graceful-fs: 4.2.6
      jsonfile: 6.1.0
      universalify: 2.0.0
    dev: false

  /get-caller-file/2.0.5:
    resolution: {integrity: sha512-DyFP3BM/3YHTQOCUL/w0OZHR0lpKeGrxotcHWcqNEdnltqFwXVfhEBQ94eIo34AfQpo0rGki4cyIiftY06h2Fg==}
    engines: {node: 6.* || 8.* || >= 10.*}
    dev: false

  /graceful-fs/4.2.6:
    resolution: {integrity: sha512-nTnJ528pbqxYanhpDYsi4Rd8MAeaBA67+RZ10CM1m3bTAVFEDcd5AuA4a6W5YkGZ1iNXHzZz8T6TBKLeBuNriQ==}
    dev: false

  /is-fullwidth-code-point/3.0.0:
    resolution: {integrity: sha512-zymm5+u+sCsSWyD9qNaejV3DFvhCKclKdizYaJUuHA83RLjb7nSuGnddCHGv0hk+KY7BMAlsWeK4Ueg6EV6XQg==}
    engines: {node: '>=8'}
    dev: false

  /jsonfile/6.1.0:
    resolution: {integrity: sha512-5dgndWOriYSm5cnYaJNhalLNDKOqFwyDB/rr1E9ZsGciGvKPs8R2xYGCacuf3z6K1YKDz182fd+fY3cn3pMqXQ==}
    dependencies:
      universalify: 2.0.0
    optionalDependencies:
      graceful-fs: 4.2.6
    dev: false

  /require-directory/2.1.1:
    resolution: {integrity: sha1-jGStX9MNqxyXbiNE/+f3kqam30I=}
    engines: {node: '>=0.10.0'}
    dev: false

  /source-map-support/0.5.19:
    resolution: {integrity: sha512-Wonm7zOCIJzBGQdB+thsPar0kYuCIzYvxZwlBa87yi/Mdjv7Tip2cyVbLj5o0cFPN4EVkuTwb3GDDyUx2DGnGw==}
    dependencies:
      buffer-from: 1.1.1
      source-map: 0.6.1
    dev: false

  /source-map/0.6.1:
    resolution: {integrity: sha512-UjgapumWlbMhkBgzT7Ykc5YXUT46F0iKu8SGXq0bcwP5dz/h0Plj6enJqjz1Zbq2l5WaqYnrVbwWOWMyF3F47g==}
    engines: {node: '>=0.10.0'}
    dev: false

  /string-width/4.2.2:
    resolution: {integrity: sha512-XBJbT3N4JhVumXE0eoLU9DCjcaF92KLNqTmFCnG1pf8duUxFGwtP6AD6nkjw9a3IdiRtL3E2w3JDiE/xi3vOeA==}
    engines: {node: '>=8'}
    dependencies:
      emoji-regex: 8.0.0
      is-fullwidth-code-point: 3.0.0
      strip-ansi: 6.0.0
    dev: false

  /strip-ansi/6.0.0:
    resolution: {integrity: sha512-AuvKTrTfQNYNIctbR1K/YGTR1756GycPsg7b9bdV9Duqur4gv6aKqHXah67Z8ImS7WEz5QVcOtlfW2rZEugt6w==}
    engines: {node: '>=8'}
    dependencies:
      ansi-regex: 5.0.0
    dev: false

  /tslib/2.3.0:
    resolution: {integrity: sha512-N82ooyxVNm6h1riLCoyS9e3fuJ3AMG2zIZs2Gd1ATcSFjSA23Q0fzjjZeh0jbJvWVDZ0cJT8yaNNaaXHzueNjg==}
    dev: false

  /typescript/4.3.5:
    resolution: {integrity: sha512-DqQgihaQ9cUrskJo9kIyW/+g0Vxsk8cDtZ52a3NGh0YNTfpUSArXSohyUGnvbPazEPLu398C0UxmKSOrPumUzA==}
    engines: {node: '>=4.2.0'}
    hasBin: true
    dev: false

  /universalify/2.0.0:
    resolution: {integrity: sha512-hAZsKq7Yy11Zu1DE0OzWjw7nnLZmJZYTDZZyEFHZdUhV8FkH5MCfoU1XMaxXovpyW5nq5scPqq0ZDP9Zyl04oQ==}
    engines: {node: '>= 10.0.0'}
    dev: false

  /wrap-ansi/7.0.0:
    resolution: {integrity: sha512-YVGIj2kamLSTxw6NsZjoBxfSwsn0ycdesmc4p+Q21c5zPuZ1pl+NfxVdxPtdHvmNVOQ6XSYG4AUtyt/Fi7D16Q==}
    engines: {node: '>=10'}
    dependencies:
      ansi-styles: 4.3.0
      string-width: 4.2.2
      strip-ansi: 6.0.0
    dev: false

  /y18n/5.0.8:
    resolution: {integrity: sha512-0pfFzegeDWJHJIAmTLRP2DwHjdF5s7jo9tuztdQxAhINCdvS+3nGINqPd00AphqJR/0LhANUS6/+7SCb98YOfA==}
    engines: {node: '>=10'}
    dev: false

  /yargs-parser/20.2.9:
    resolution: {integrity: sha512-y11nGElTIV+CT3Zv9t7VKl+Q3hTQoT9a1Qzezhhl6Rp21gJ/IVTW7Z3y9EWXhuUBC2Shnf+DX0antecpAwSP8w==}
    engines: {node: '>=10'}
    dev: false

  /yargs/17.0.1:
    resolution: {integrity: sha512-xBBulfCc8Y6gLFcrPvtqKz9hz8SO0l1Ni8GgDekvBX2ro0HRQImDGnikfc33cgzcYUSncapnNcZDjVFIH3f6KQ==}
    engines: {node: '>=12'}
    dependencies:
      cliui: 7.0.4
      escalade: 3.1.1
      get-caller-file: 2.0.5
      require-directory: 2.1.1
      string-width: 4.2.2
      y18n: 5.0.8
      yargs-parser: 20.2.9
    dev: false
