lockfileVersion: 5.3

specifiers:
  '@types/fs-extra': ^9.0.9
  '@types/node': ^14.14.6
  esbuild: ^0.12.15
  fs-extra: ^10.0.0
  tslib: ^2.3.0
  typescript: ^4.3.5

dependencies:
  '@types/node': 14.17.5
  esbuild: 0.12.15
  fs-extra: 10.0.0
  tslib: 2.3.0
  typescript: 4.3.5

devDependencies:
  '@types/fs-extra': 9.0.12

packages:

  /@types/fs-extra/9.0.12:
    resolution: {integrity: sha512-I+bsBr67CurCGnSenZZ7v94gd3tc3+Aj2taxMT4yu4ABLuOgOjeFxX3dokG24ztSRg5tnT00sL8BszO7gSMoIw==}
    dependencies:
      '@types/node': 14.17.5
    dev: true

  /@types/node/14.17.5:
    resolution: {integrity: sha512-bjqH2cX/O33jXT/UmReo2pM7DIJREPMnarixbQ57DOOzzFaI6D2+IcwaJQaJpv0M1E9TIhPCYVxrkcityLjlqA==}

  /esbuild/0.12.15:
    resolution: {integrity: sha512-72V4JNd2+48eOVCXx49xoSWHgC3/cCy96e7mbXKY+WOWghN00cCmlGnwVLRhRHorvv0dgCyuMYBZlM2xDM5OQw==}
    hasBin: true
    requiresBuild: true
    dev: false

  /fs-extra/10.0.0:
    resolution: {integrity: sha512-C5owb14u9eJwizKGdchcDUQeFtlSHHthBk8pbX9Vc1PFZrLombudjDnNns88aYslCyF6IY5SUw3Roz6xShcEIQ==}
    engines: {node: '>=12'}
    dependencies:
      graceful-fs: 4.2.6
      jsonfile: 6.1.0
      universalify: 2.0.0
    dev: false

  /graceful-fs/4.2.6:
    resolution: {integrity: sha512-nTnJ528pbqxYanhpDYsi4Rd8MAeaBA67+RZ10CM1m3bTAVFEDcd5AuA4a6W5YkGZ1iNXHzZz8T6TBKLeBuNriQ==}
    dev: false

  /jsonfile/6.1.0:
    resolution: {integrity: sha512-5dgndWOriYSm5cnYaJNhalLNDKOqFwyDB/rr1E9ZsGciGvKPs8R2xYGCacuf3z6K1YKDz182fd+fY3cn3pMqXQ==}
    dependencies:
      universalify: 2.0.0
    optionalDependencies:
      graceful-fs: 4.2.6
    dev: false

  /tslib/2.3.0:
    resolution: {integrity: sha512-N82ooyxVNm6h1riLCoyS9e3fuJ3AMG2zIZs2Gd1ATcSFjSA23Q0fzjjZeh0jbJvWVDZ0cJT8yaNNaaXHzueNjg==}
    dev: false

  /typescript/4.3.5:
    resolution: {integrity: sha512-DqQgihaQ9cUrskJo9kIyW/+g0Vxsk8cDtZ52a3NGh0YNTfpUSArXSohyUGnvbPazEPLu398C0UxmKSOrPumUzA==}
    engines: {node: '>=4.2.0'}
    hasBin: true
    dev: false

  /universalify/2.0.0:
    resolution: {integrity: sha512-hAZsKq7Yy11Zu1DE0OzWjw7nnLZmJZYTDZZyEFHZdUhV8FkH5MCfoU1XMaxXovpyW5nq5scPqq0ZDP9Zyl04oQ==}
    engines: {node: '>= 10.0.0'}
    dev: false
